
Microsoft Visual Studio Solution File, Format Version 12.00
# Visual Studio 15
VisualStudioVersion = 15.0.27703.2042
MinimumVisualStudioVersion = 10.0.40219.1
Project("{FAE04EC0-301F-11D3-BF4B-00C04F79EFBC}") = "testsetup.Android", "testsetup\testsetup.Android\testsetup.Android.csproj", "{2A58F848-C532-4AF3-9A63-E60D6D48DEF0}"
EndProject
Project("{FAE04EC0-301F-11D3-BF4B-00C04F79EFBC}") = "testsetup.iOS", "testsetup\testsetup.iOS\testsetup.iOS.csproj", "{55FA3C6C-73ED-4552-9809-1EFB316F1CCF}"
EndProject
Project("{FAE04EC0-301F-11D3-BF4B-00C04F79EFBC}") = "testsetup.UWP", "testsetup\testsetup.UWP\testsetup.UWP.csproj", "{CFCF858E-3CF7-4623-88F5-160DEBF43F2B}"
EndProject
Project("{D954291E-2A0B-460D-934E-DC6B0785DB48}") = "testsetup", "testsetup\testsetup\testsetup.shproj", "{85442CDF-A07E-4DA0-BC01-99808992724B}"
EndProject
Global
	GlobalSection(SharedMSBuildProjectFiles) = preSolution
		testsetup\testsetup\testsetup.projitems*{2a58f848-c532-4af3-9a63-e60d6d48def0}*SharedItemsImports = 4
		testsetup\testsetup\testsetup.projitems*{55fa3c6c-73ed-4552-9809-1efb316f1ccf}*SharedItemsImports = 4
		testsetup\testsetup\testsetup.projitems*{85442cdf-a07e-4da0-bc01-99808992724b}*SharedItemsImports = 13
		testsetup\testsetup\testsetup.projitems*{cfcf858e-3cf7-4623-88f5-160debf43f2b}*SharedItemsImports = 4
	EndGlobalSection
	GlobalSection(SolutionConfigurationPlatforms) = preSolution
		Ad-Hoc|Any CPU = Ad-Hoc|Any CPU
		Ad-Hoc|ARM = Ad-Hoc|ARM
		Ad-Hoc|iPhone = Ad-Hoc|iPhone
		Ad-Hoc|iPhoneSimulator = Ad-Hoc|iPhoneSimulator
		Ad-Hoc|x64 = Ad-Hoc|x64
		Ad-Hoc|x86 = Ad-Hoc|x86
		AppStore|Any CPU = AppStore|Any CPU
		AppStore|ARM = AppStore|ARM
		AppStore|iPhone = AppStore|iPhone
		AppStore|iPhoneSimulator = AppStore|iPhoneSimulator
		AppStore|x64 = AppStore|x64
		AppStore|x86 = AppStore|x86
		Debug|Any CPU = Debug|Any CPU
		Debug|ARM = Debug|ARM
		Debug|iPhone = Debug|iPhone
		Debug|iPhoneSimulator = Debug|iPhoneSimulator
		Debug|x64 = Debug|x64
		Debug|x86 = Debug|x86
		Release|Any CPU = Release|Any CPU
		Release|ARM = Release|ARM
		Release|iPhone = Release|iPhone
		Release|iPhoneSimulator = Release|iPhoneSimulator
		Release|x64 = Release|x64
		Release|x86 = Release|x86
	EndGlobalSection
	GlobalSection(ProjectConfigurationPlatforms) = postSolution
		{2A58F848-C532-4AF3-9A63-E60D6D48DEF0}.Ad-Hoc|Any CPU.ActiveCfg = Release|Any CPU
		{2A58F848-C532-4AF3-9A63-E60D6D48DEF0}.Ad-Hoc|Any CPU.Build.0 = Release|Any CPU
		{2A58F848-C532-4AF3-9A63-E60D6D48DEF0}.Ad-Hoc|Any CPU.Deploy.0 = Release|Any CPU
		{2A58F848-C532-4AF3-9A63-E60D6D48DEF0}.Ad-Hoc|ARM.ActiveCfg = Release|Any CPU
		{2A58F848-C532-4AF3-9A63-E60D6D48DEF0}.Ad-Hoc|ARM.Build.0 = Release|Any CPU
		{2A58F848-C532-4AF3-9A63-E60D6D48DEF0}.Ad-Hoc|ARM.Deploy.0 = Release|Any CPU
		{2A58F848-C532-4AF3-9A63-E60D6D48DEF0}.Ad-Hoc|iPhone.ActiveCfg = Release|Any CPU
		{2A58F848-C532-4AF3-9A63-E60D6D48DEF0}.Ad-Hoc|iPhone.Build.0 = Release|Any CPU
		{2A58F848-C532-4AF3-9A63-E60D6D48DEF0}.Ad-Hoc|iPhone.Deploy.0 = Release|Any CPU
		{2A58F848-C532-4AF3-9A63-E60D6D48DEF0}.Ad-Hoc|iPhoneSimulator.ActiveCfg = Release|Any CPU
		{2A58F848-C532-4AF3-9A63-E60D6D48DEF0}.Ad-Hoc|iPhoneSimulator.Build.0 = Release|Any CPU
		{2A58F848-C532-4AF3-9A63-E60D6D48DEF0}.Ad-Hoc|iPhoneSimulator.Deploy.0 = Release|Any CPU
		{2A58F848-C532-4AF3-9A63-E60D6D48DEF0}.Ad-Hoc|x64.ActiveCfg = Release|Any CPU
		{2A58F848-C532-4AF3-9A63-E60D6D48DEF0}.Ad-Hoc|x64.Build.0 = Release|Any CPU
		{2A58F848-C532-4AF3-9A63-E60D6D48DEF0}.Ad-Hoc|x64.Deploy.0 = Release|Any CPU
		{2A58F848-C532-4AF3-9A63-E60D6D48DEF0}.Ad-Hoc|x86.ActiveCfg = Release|Any CPU
		{2A58F848-C532-4AF3-9A63-E60D6D48DEF0}.Ad-Hoc|x86.Build.0 = Release|Any CPU
		{2A58F848-C532-4AF3-9A63-E60D6D48DEF0}.Ad-Hoc|x86.Deploy.0 = Release|Any CPU
		{2A58F848-C532-4AF3-9A63-E60D6D48DEF0}.AppStore|Any CPU.ActiveCfg = Release|Any CPU
		{2A58F848-C532-4AF3-9A63-E60D6D48DEF0}.AppStore|Any CPU.Build.0 = Release|Any CPU
		{2A58F848-C532-4AF3-9A63-E60D6D48DEF0}.AppStore|Any CPU.Deploy.0 = Release|Any CPU
		{2A58F848-C532-4AF3-9A63-E60D6D48DEF0}.AppStore|ARM.ActiveCfg = Release|Any CPU
		{2A58F848-C532-4AF3-9A63-E60D6D48DEF0}.AppStore|ARM.Build.0 = Release|Any CPU
		{2A58F848-C532-4AF3-9A63-E60D6D48DEF0}.AppStore|ARM.Deploy.0 = Release|Any CPU
		{2A58F848-C532-4AF3-9A63-E60D6D48DEF0}.AppStore|iPhone.ActiveCfg = Release|Any CPU
		{2A58F848-C532-4AF3-9A63-E60D6D48DEF0}.AppStore|iPhone.Build.0 = Release|Any CPU
		{2A58F848-C532-4AF3-9A63-E60D6D48DEF0}.AppStore|iPhone.Deploy.0 = Release|Any CPU
		{2A58F848-C532-4AF3-9A63-E60D6D48DEF0}.AppStore|iPhoneSimulator.ActiveCfg = Release|Any CPU
		{2A58F848-C532-4AF3-9A63-E60D6D48DEF0}.AppStore|iPhoneSimulator.Build.0 = Release|Any CPU
		{2A58F848-C532-4AF3-9A63-E60D6D48DEF0}.AppStore|iPhoneSimulator.Deploy.0 = Release|Any CPU
		{2A58F848-C532-4AF3-9A63-E60D6D48DEF0}.AppStore|x64.ActiveCfg = Release|Any CPU
		{2A58F848-C532-4AF3-9A63-E60D6D48DEF0}.AppStore|x64.Build.0 = Release|Any CPU
		{2A58F848-C532-4AF3-9A63-E60D6D48DEF0}.AppStore|x64.Deploy.0 = Release|Any CPU
		{2A58F848-C532-4AF3-9A63-E60D6D48DEF0}.AppStore|x86.ActiveCfg = Release|Any CPU
		{2A58F848-C532-4AF3-9A63-E60D6D48DEF0}.AppStore|x86.Build.0 = Release|Any CPU
		{2A58F848-C532-4AF3-9A63-E60D6D48DEF0}.AppStore|x86.Deploy.0 = Release|Any CPU
		{2A58F848-C532-4AF3-9A63-E60D6D48DEF0}.Debug|Any CPU.ActiveCfg = Debug|Any CPU
		{2A58F848-C532-4AF3-9A63-E60D6D48DEF0}.Debug|Any CPU.Build.0 = Debug|Any CPU
		{2A58F848-C532-4AF3-9A63-E60D6D48DEF0}.Debug|Any CPU.Deploy.0 = Debug|Any CPU
		{2A58F848-C532-4AF3-9A63-E60D6D48DEF0}.Debug|ARM.ActiveCfg = Debug|Any CPU
		{2A58F848-C532-4AF3-9A63-E60D6D48DEF0}.Debug|ARM.Build.0 = Debug|Any CPU
		{2A58F848-C532-4AF3-9A63-E60D6D48DEF0}.Debug|ARM.Deploy.0 = Debug|Any CPU
		{2A58F848-C532-4AF3-9A63-E60D6D48DEF0}.Debug|iPhone.ActiveCfg = Debug|Any CPU
		{2A58F848-C532-4AF3-9A63-E60D6D48DEF0}.Debug|iPhone.Build.0 = Debug|Any CPU
		{2A58F848-C532-4AF3-9A63-E60D6D48DEF0}.Debug|iPhone.Deploy.0 = Debug|Any CPU
		{2A58F848-C532-4AF3-9A63-E60D6D48DEF0}.Debug|iPhoneSimulator.ActiveCfg = Debug|Any CPU
		{2A58F848-C532-4AF3-9A63-E60D6D48DEF0}.Debug|iPhoneSimulator.Build.0 = Debug|Any CPU
		{2A58F848-C532-4AF3-9A63-E60D6D48DEF0}.Debug|iPhoneSimulator.Deploy.0 = Debug|Any CPU
		{2A58F848-C532-4AF3-9A63-E60D6D48DEF0}.Debug|x64.ActiveCfg = Debug|Any CPU
		{2A58F848-C532-4AF3-9A63-E60D6D48DEF0}.Debug|x64.Build.0 = Debug|Any CPU
		{2A58F848-C532-4AF3-9A63-E60D6D48DEF0}.Debug|x64.Deploy.0 = Debug|Any CPU
		{2A58F848-C532-4AF3-9A63-E60D6D48DEF0}.Debug|x86.ActiveCfg = Debug|Any CPU
		{2A58F848-C532-4AF3-9A63-E60D6D48DEF0}.Debug|x86.Build.0 = Debug|Any CPU
		{2A58F848-C532-4AF3-9A63-E60D6D48DEF0}.Debug|x86.Deploy.0 = Debug|Any CPU
		{2A58F848-C532-4AF3-9A63-E60D6D48DEF0}.Release|Any CPU.ActiveCfg = Release|Any CPU
		{2A58F848-C532-4AF3-9A63-E60D6D48DEF0}.Release|Any CPU.Build.0 = Release|Any CPU
		{2A58F848-C532-4AF3-9A63-E60D6D48DEF0}.Release|Any CPU.Deploy.0 = Release|Any CPU
		{2A58F848-C532-4AF3-9A63-E60D6D48DEF0}.Release|ARM.ActiveCfg = Release|Any CPU
		{2A58F848-C532-4AF3-9A63-E60D6D48DEF0}.Release|ARM.Build.0 = Release|Any CPU
		{2A58F848-C532-4AF3-9A63-E60D6D48DEF0}.Release|ARM.Deploy.0 = Release|Any CPU
		{2A58F848-C532-4AF3-9A63-E60D6D48DEF0}.Release|iPhone.ActiveCfg = Release|Any CPU
		{2A58F848-C532-4AF3-9A63-E60D6D48DEF0}.Release|iPhone.Build.0 = Release|Any CPU
		{2A58F848-C532-4AF3-9A63-E60D6D48DEF0}.Release|iPhone.Deploy.0 = Release|Any CPU
		{2A58F848-C532-4AF3-9A63-E60D6D48DEF0}.Release|iPhoneSimulator.ActiveCfg = Release|Any CPU
		{2A58F848-C532-4AF3-9A63-E60D6D48DEF0}.Release|iPhoneSimulator.Build.0 = Release|Any CPU
		{2A58F848-C532-4AF3-9A63-E60D6D48DEF0}.Release|iPhoneSimulator.Deploy.0 = Release|Any CPU
		{2A58F848-C532-4AF3-9A63-E60D6D48DEF0}.Release|x64.ActiveCfg = Release|Any CPU
		{2A58F848-C532-4AF3-9A63-E60D6D48DEF0}.Release|x64.Build.0 = Release|Any CPU
		{2A58F848-C532-4AF3-9A63-E60D6D48DEF0}.Release|x64.Deploy.0 = Release|Any CPU
		{2A58F848-C532-4AF3-9A63-E60D6D48DEF0}.Release|x86.ActiveCfg = Release|Any CPU
		{2A58F848-C532-4AF3-9A63-E60D6D48DEF0}.Release|x86.Build.0 = Release|Any CPU
		{2A58F848-C532-4AF3-9A63-E60D6D48DEF0}.Release|x86.Deploy.0 = Release|Any CPU
		{55FA3C6C-73ED-4552-9809-1EFB316F1CCF}.Ad-Hoc|Any CPU.ActiveCfg = Ad-Hoc|iPhone
		{55FA3C6C-73ED-4552-9809-1EFB316F1CCF}.Ad-Hoc|Any CPU.Build.0 = Ad-Hoc|iPhone
		{55FA3C6C-73ED-4552-9809-1EFB316F1CCF}.Ad-Hoc|Any CPU.Deploy.0 = Ad-Hoc|iPhone
		{55FA3C6C-73ED-4552-9809-1EFB316F1CCF}.Ad-Hoc|ARM.ActiveCfg = Ad-Hoc|iPhone
		{55FA3C6C-73ED-4552-9809-1EFB316F1CCF}.Ad-Hoc|ARM.Build.0 = Ad-Hoc|iPhone
		{55FA3C6C-73ED-4552-9809-1EFB316F1CCF}.Ad-Hoc|ARM.Deploy.0 = Ad-Hoc|iPhone
		{55FA3C6C-73ED-4552-9809-1EFB316F1CCF}.Ad-Hoc|iPhone.ActiveCfg = Ad-Hoc|iPhone
		{55FA3C6C-73ED-4552-9809-1EFB316F1CCF}.Ad-Hoc|iPhone.Build.0 = Ad-Hoc|iPhone
		{55FA3C6C-73ED-4552-9809-1EFB316F1CCF}.Ad-Hoc|iPhone.Deploy.0 = Ad-Hoc|iPhone
		{55FA3C6C-73ED-4552-9809-1EFB316F1CCF}.Ad-Hoc|iPhoneSimulator.ActiveCfg = Ad-Hoc|iPhoneSimulator
		{55FA3C6C-73ED-4552-9809-1EFB316F1CCF}.Ad-Hoc|iPhoneSimulator.Build.0 = Ad-Hoc|iPhoneSimulator
		{55FA3C6C-73ED-4552-9809-1EFB316F1CCF}.Ad-Hoc|iPhoneSimulator.Deploy.0 = Ad-Hoc|iPhoneSimulator
		{55FA3C6C-73ED-4552-9809-1EFB316F1CCF}.Ad-Hoc|x64.ActiveCfg = Ad-Hoc|iPhone
		{55FA3C6C-73ED-4552-9809-1EFB316F1CCF}.Ad-Hoc|x64.Build.0 = Ad-Hoc|iPhone
		{55FA3C6C-73ED-4552-9809-1EFB316F1CCF}.Ad-Hoc|x64.Deploy.0 = Ad-Hoc|iPhone
		{55FA3C6C-73ED-4552-9809-1EFB316F1CCF}.Ad-Hoc|x86.ActiveCfg = Ad-Hoc|iPhone
		{55FA3C6C-73ED-4552-9809-1EFB316F1CCF}.Ad-Hoc|x86.Build.0 = Ad-Hoc|iPhone
		{55FA3C6C-73ED-4552-9809-1EFB316F1CCF}.Ad-Hoc|x86.Deploy.0 = Ad-Hoc|iPhone
		{55FA3C6C-73ED-4552-9809-1EFB316F1CCF}.AppStore|Any CPU.ActiveCfg = AppStore|iPhone
		{55FA3C6C-73ED-4552-9809-1EFB316F1CCF}.AppStore|Any CPU.Build.0 = AppStore|iPhone
		{55FA3C6C-73ED-4552-9809-1EFB316F1CCF}.AppStore|Any CPU.Deploy.0 = AppStore|iPhone
		{55FA3C6C-73ED-4552-9809-1EFB316F1CCF}.AppStore|ARM.ActiveCfg = AppStore|iPhone
		{55FA3C6C-73ED-4552-9809-1EFB316F1CCF}.AppStore|ARM.Build.0 = AppStore|iPhone
		{55FA3C6C-73ED-4552-9809-1EFB316F1CCF}.AppStore|ARM.Deploy.0 = AppStore|iPhone
		{55FA3C6C-73ED-4552-9809-1EFB316F1CCF}.AppStore|iPhone.ActiveCfg = AppStore|iPhone
		{55FA3C6C-73ED-4552-9809-1EFB316F1CCF}.AppStore|iPhone.Build.0 = AppStore|iPhone
		{55FA3C6C-73ED-4552-9809-1EFB316F1CCF}.AppStore|iPhone.Deploy.0 = AppStore|iPhone
		{55FA3C6C-73ED-4552-9809-1EFB316F1CCF}.AppStore|iPhoneSimulator.ActiveCfg = AppStore|iPhoneSimulator
		{55FA3C6C-73ED-4552-9809-1EFB316F1CCF}.AppStore|iPhoneSimulator.Build.0 = AppStore|iPhoneSimulator
		{55FA3C6C-73ED-4552-9809-1EFB316F1CCF}.AppStore|iPhoneSimulator.Deploy.0 = AppStore|iPhoneSimulator
		{55FA3C6C-73ED-4552-9809-1EFB316F1CCF}.AppStore|x64.ActiveCfg = AppStore|iPhone
		{55FA3C6C-73ED-4552-9809-1EFB316F1CCF}.AppStore|x64.Build.0 = AppStore|iPhone
		{55FA3C6C-73ED-4552-9809-1EFB316F1CCF}.AppStore|x64.Deploy.0 = AppStore|iPhone
		{55FA3C6C-73ED-4552-9809-1EFB316F1CCF}.AppStore|x86.ActiveCfg = AppStore|iPhone
		{55FA3C6C-73ED-4552-9809-1EFB316F1CCF}.AppStore|x86.Build.0 = AppStore|iPhone
		{55FA3C6C-73ED-4552-9809-1EFB316F1CCF}.AppStore|x86.Deploy.0 = AppStore|iPhone
		{55FA3C6C-73ED-4552-9809-1EFB316F1CCF}.Debug|Any CPU.ActiveCfg = Debug|iPhoneSimulator
		{55FA3C6C-73ED-4552-9809-1EFB316F1CCF}.Debug|Any CPU.Build.0 = Debug|iPhoneSimulator
		{55FA3C6C-73ED-4552-9809-1EFB316F1CCF}.Debug|Any CPU.Deploy.0 = Debug|iPhoneSimulator
		{55FA3C6C-73ED-4552-9809-1EFB316F1CCF}.Debug|ARM.ActiveCfg = Debug|iPhone
		{55FA3C6C-73ED-4552-9809-1EFB316F1CCF}.Debug|ARM.Build.0 = Debug|iPhone
		{55FA3C6C-73ED-4552-9809-1EFB316F1CCF}.Debug|ARM.Deploy.0 = Debug|iPhone
		{55FA3C6C-73ED-4552-9809-1EFB316F1CCF}.Debug|iPhone.ActiveCfg = Debug|iPhone
		{55FA3C6C-73ED-4552-9809-1EFB316F1CCF}.Debug|iPhone.Build.0 = Debug|iPhone
		{55FA3C6C-73ED-4552-9809-1EFB316F1CCF}.Debug|iPhone.Deploy.0 = Debug|iPhone
		{55FA3C6C-73ED-4552-9809-1EFB316F1CCF}.Debug|iPhoneSimulator.ActiveCfg = Debug|iPhoneSimulator
		{55FA3C6C-73ED-4552-9809-1EFB316F1CCF}.Debug|iPhoneSimulator.Build.0 = Debug|iPhoneSimulator
		{55FA3C6C-73ED-4552-9809-1EFB316F1CCF}.Debug|iPhoneSimulator.Deploy.0 = Debug|iPhoneSimulator
		{55FA3C6C-73ED-4552-9809-1EFB316F1CCF}.Debug|x64.ActiveCfg = Debug|iPhone
		{55FA3C6C-73ED-4552-9809-1EFB316F1CCF}.Debug|x64.Build.0 = Debug|iPhone
		{55FA3C6C-73ED-4552-9809-1EFB316F1CCF}.Debug|x64.Deploy.0 = Debug|iPhone
		{55FA3C6C-73ED-4552-9809-1EFB316F1CCF}.Debug|x86.ActiveCfg = Debug|iPhone
		{55FA3C6C-73ED-4552-9809-1EFB316F1CCF}.Debug|x86.Build.0 = Debug|iPhone
		{55FA3C6C-73ED-4552-9809-1EFB316F1CCF}.Debug|x86.Deploy.0 = Debug|iPhone
		{55FA3C6C-73ED-4552-9809-1EFB316F1CCF}.Release|Any CPU.ActiveCfg = Release|iPhone
		{55FA3C6C-73ED-4552-9809-1EFB316F1CCF}.Release|Any CPU.Build.0 = Release|iPhone
		{55FA3C6C-73ED-4552-9809-1EFB316F1CCF}.Release|Any CPU.Deploy.0 = Release|iPhone
		{55FA3C6C-73ED-4552-9809-1EFB316F1CCF}.Release|ARM.ActiveCfg = Release|iPhone
		{55FA3C6C-73ED-4552-9809-1EFB316F1CCF}.Release|ARM.Build.0 = Release|iPhone
		{55FA3C6C-73ED-4552-9809-1EFB316F1CCF}.Release|ARM.Deploy.0 = Release|iPhone
		{55FA3C6C-73ED-4552-9809-1EFB316F1CCF}.Release|iPhone.ActiveCfg = Release|iPhone
		{55FA3C6C-73ED-4552-9809-1EFB316F1CCF}.Release|iPhone.Build.0 = Release|iPhone
		{55FA3C6C-73ED-4552-9809-1EFB316F1CCF}.Release|iPhone.Deploy.0 = Release|iPhone
		{55FA3C6C-73ED-4552-9809-1EFB316F1CCF}.Release|iPhoneSimulator.ActiveCfg = Release|iPhoneSimulator
		{55FA3C6C-73ED-4552-9809-1EFB316F1CCF}.Release|iPhoneSimulator.Build.0 = Release|iPhoneSimulator
		{55FA3C6C-73ED-4552-9809-1EFB316F1CCF}.Release|iPhoneSimulator.Deploy.0 = Release|iPhoneSimulator
		{55FA3C6C-73ED-4552-9809-1EFB316F1CCF}.Release|x64.ActiveCfg = Release|iPhone
		{55FA3C6C-73ED-4552-9809-1EFB316F1CCF}.Release|x64.Build.0 = Release|iPhone
		{55FA3C6C-73ED-4552-9809-1EFB316F1CCF}.Release|x64.Deploy.0 = Release|iPhone
		{55FA3C6C-73ED-4552-9809-1EFB316F1CCF}.Release|x86.ActiveCfg = Release|iPhone
		{55FA3C6C-73ED-4552-9809-1EFB316F1CCF}.Release|x86.Build.0 = Release|iPhone
		{55FA3C6C-73ED-4552-9809-1EFB316F1CCF}.Release|x86.Deploy.0 = Release|iPhone
		{CFCF858E-3CF7-4623-88F5-160DEBF43F2B}.Ad-Hoc|Any CPU.ActiveCfg = Release|x86
		{CFCF858E-3CF7-4623-88F5-160DEBF43F2B}.Ad-Hoc|Any CPU.Build.0 = Release|x86
		{CFCF858E-3CF7-4623-88F5-160DEBF43F2B}.Ad-Hoc|Any CPU.Deploy.0 = Release|x86
		{CFCF858E-3CF7-4623-88F5-160DEBF43F2B}.Ad-Hoc|ARM.ActiveCfg = Release|ARM
		{CFCF858E-3CF7-4623-88F5-160DEBF43F2B}.Ad-Hoc|ARM.Build.0 = Release|ARM
		{CFCF858E-3CF7-4623-88F5-160DEBF43F2B}.Ad-Hoc|ARM.Deploy.0 = Release|ARM
		{CFCF858E-3CF7-4623-88F5-160DEBF43F2B}.Ad-Hoc|iPhone.ActiveCfg = Release|x86
		{CFCF858E-3CF7-4623-88F5-160DEBF43F2B}.Ad-Hoc|iPhone.Build.0 = Release|x86
		{CFCF858E-3CF7-4623-88F5-160DEBF43F2B}.Ad-Hoc|iPhone.Deploy.0 = Release|x86
		{CFCF858E-3CF7-4623-88F5-160DEBF43F2B}.Ad-Hoc|iPhoneSimulator.ActiveCfg = Release|x86
		{CFCF858E-3CF7-4623-88F5-160DEBF43F2B}.Ad-Hoc|iPhoneSimulator.Build.0 = Release|x86
		{CFCF858E-3CF7-4623-88F5-160DEBF43F2B}.Ad-Hoc|iPhoneSimulator.Deploy.0 = Release|x86
		{CFCF858E-3CF7-4623-88F5-160DEBF43F2B}.Ad-Hoc|x64.ActiveCfg = Release|x64
		{CFCF858E-3CF7-4623-88F5-160DEBF43F2B}.Ad-Hoc|x64.Build.0 = Release|x64
		{CFCF858E-3CF7-4623-88F5-160DEBF43F2B}.Ad-Hoc|x64.Deploy.0 = Release|x64
		{CFCF858E-3CF7-4623-88F5-160DEBF43F2B}.Ad-Hoc|x86.ActiveCfg = Release|x86
		{CFCF858E-3CF7-4623-88F5-160DEBF43F2B}.Ad-Hoc|x86.Build.0 = Release|x86
		{CFCF858E-3CF7-4623-88F5-160DEBF43F2B}.Ad-Hoc|x86.Deploy.0 = Release|x86
		{CFCF858E-3CF7-4623-88F5-160DEBF43F2B}.AppStore|Any CPU.ActiveCfg = Release|x86
		{CFCF858E-3CF7-4623-88F5-160DEBF43F2B}.AppStore|Any CPU.Build.0 = Release|x86
		{CFCF858E-3CF7-4623-88F5-160DEBF43F2B}.AppStore|Any CPU.Deploy.0 = Release|x86
		{CFCF858E-3CF7-4623-88F5-160DEBF43F2B}.AppStore|ARM.ActiveCfg = Release|ARM
		{CFCF858E-3CF7-4623-88F5-160DEBF43F2B}.AppStore|ARM.Build.0 = Release|ARM
		{CFCF858E-3CF7-4623-88F5-160DEBF43F2B}.AppStore|ARM.Deploy.0 = Release|ARM
		{CFCF858E-3CF7-4623-88F5-160DEBF43F2B}.AppStore|iPhone.ActiveCfg = Release|x86
		{CFCF858E-3CF7-4623-88F5-160DEBF43F2B}.AppStore|iPhone.Build.0 = Release|x86
		{CFCF858E-3CF7-4623-88F5-160DEBF43F2B}.AppStore|iPhone.Deploy.0 = Release|x86
		{CFCF858E-3CF7-4623-88F5-160DEBF43F2B}.AppStore|iPhoneSimulator.ActiveCfg = Release|x86
		{CFCF858E-3CF7-4623-88F5-160DEBF43F2B}.AppStore|iPhoneSimulator.Build.0 = Release|x86
		{CFCF858E-3CF7-4623-88F5-160DEBF43F2B}.AppStore|iPhoneSimulator.Deploy.0 = Release|x86
		{CFCF858E-3CF7-4623-88F5-160DEBF43F2B}.AppStore|x64.ActiveCfg = Release|x64
		{CFCF858E-3CF7-4623-88F5-160DEBF43F2B}.AppStore|x64.Build.0 = Release|x64
		{CFCF858E-3CF7-4623-88F5-160DEBF43F2B}.AppStore|x64.Deploy.0 = Release|x64
		{CFCF858E-3CF7-4623-88F5-160DEBF43F2B}.AppStore|x86.ActiveCfg = Release|x86
		{CFCF858E-3CF7-4623-88F5-160DEBF43F2B}.AppStore|x86.Build.0 = Release|x86
		{CFCF858E-3CF7-4623-88F5-160DEBF43F2B}.AppStore|x86.Deploy.0 = Release|x86
		{CFCF858E-3CF7-4623-88F5-160DEBF43F2B}.Debug|Any CPU.ActiveCfg = Debug|x86
		{CFCF858E-3CF7-4623-88F5-160DEBF43F2B}.Debug|Any CPU.Build.0 = Debug|x86
		{CFCF858E-3CF7-4623-88F5-160DEBF43F2B}.Debug|Any CPU.Deploy.0 = Debug|x86
		{CFCF858E-3CF7-4623-88F5-160DEBF43F2B}.Debug|ARM.ActiveCfg = Debug|ARM
		{CFCF858E-3CF7-4623-88F5-160DEBF43F2B}.Debug|ARM.Build.0 = Debug|ARM
		{CFCF858E-3CF7-4623-88F5-160DEBF43F2B}.Debug|ARM.Deploy.0 = Debug|ARM
		{CFCF858E-3CF7-4623-88F5-160DEBF43F2B}.Debug|iPhone.ActiveCfg = Debug|x86
		{CFCF858E-3CF7-4623-88F5-160DEBF43F2B}.Debug|iPhone.Build.0 = Debug|x86
		{CFCF858E-3CF7-4623-88F5-160DEBF43F2B}.Debug|iPhone.Deploy.0 = Debug|x86
		{CFCF858E-3CF7-4623-88F5-160DEBF43F2B}.Debug|iPhoneSimulator.ActiveCfg = Debug|x86
		{CFCF858E-3CF7-4623-88F5-160DEBF43F2B}.Debug|iPhoneSimulator.Build.0 = Debug|x86
		{CFCF858E-3CF7-4623-88F5-160DEBF43F2B}.Debug|iPhoneSimulator.Deploy.0 = Debug|x86
		{CFCF858E-3CF7-4623-88F5-160DEBF43F2B}.Debug|x64.ActiveCfg = Debug|x64
		{CFCF858E-3CF7-4623-88F5-160DEBF43F2B}.Debug|x64.Build.0 = Debug|x64
		{CFCF858E-3CF7-4623-88F5-160DEBF43F2B}.Debug|x64.Deploy.0 = Debug|x64
		{CFCF858E-3CF7-4623-88F5-160DEBF43F2B}.Debug|x86.ActiveCfg = Debug|x86
		{CFCF858E-3CF7-4623-88F5-160DEBF43F2B}.Debug|x86.Build.0 = Debug|x86
		{CFCF858E-3CF7-4623-88F5-160DEBF43F2B}.Debug|x86.Deploy.0 = Debug|x86
		{CFCF858E-3CF7-4623-88F5-160DEBF43F2B}.Release|Any CPU.ActiveCfg = Release|x86
		{CFCF858E-3CF7-4623-88F5-160DEBF43F2B}.Release|Any CPU.Build.0 = Release|x86
		{CFCF858E-3CF7-4623-88F5-160DEBF43F2B}.Release|Any CPU.Deploy.0 = Release|x86
		{CFCF858E-3CF7-4623-88F5-160DEBF43F2B}.Release|ARM.ActiveCfg = Release|ARM
		{CFCF858E-3CF7-4623-88F5-160DEBF43F2B}.Release|ARM.Build.0 = Release|ARM
		{CFCF858E-3CF7-4623-88F5-160DEBF43F2B}.Release|ARM.Deploy.0 = Release|ARM
		{CFCF858E-3CF7-4623-88F5-160DEBF43F2B}.Release|iPhone.ActiveCfg = Release|x86
		{CFCF858E-3CF7-4623-88F5-160DEBF43F2B}.Release|iPhone.Build.0 = Release|x86
		{CFCF858E-3CF7-4623-88F5-160DEBF43F2B}.Release|iPhone.Deploy.0 = Release|x86
		{CFCF858E-3CF7-4623-88F5-160DEBF43F2B}.Release|iPhoneSimulator.ActiveCfg = Release|x86
		{CFCF858E-3CF7-4623-88F5-160DEBF43F2B}.Release|iPhoneSimulator.Build.0 = Release|x86
		{CFCF858E-3CF7-4623-88F5-160DEBF43F2B}.Release|iPhoneSimulator.Deploy.0 = Release|x86
		{CFCF858E-3CF7-4623-88F5-160DEBF43F2B}.Release|x64.ActiveCfg = Release|x64
		{CFCF858E-3CF7-4623-88F5-160DEBF43F2B}.Release|x64.Build.0 = Release|x64
		{CFCF858E-3CF7-4623-88F5-160DEBF43F2B}.Release|x64.Deploy.0 = Release|x64
		{CFCF858E-3CF7-4623-88F5-160DEBF43F2B}.Release|x86.ActiveCfg = Release|x86
		{CFCF858E-3CF7-4623-88F5-160DEBF43F2B}.Release|x86.Build.0 = Release|x86
		{CFCF858E-3CF7-4623-88F5-160DEBF43F2B}.Release|x86.Deploy.0 = Release|x86
	EndGlobalSection
	GlobalSection(SolutionProperties) = preSolution
		HideSolutionNode = FALSE
	EndGlobalSection
	GlobalSection(ExtensibilityGlobals) = postSolution
		SolutionGuid = {1822ADE4-62E3-4001-8FE1-4F7F82128BE9}
	EndGlobalSection
EndGlobal
